{
  "name": "react-portfolio",
  "version": "1.0.0",
  "lockfileVersion": 1,
  "requires": true,
  "dependencies": {
    "emailjs-com": {
      "version": "2.6.3",
      "resolved": "https://registry.npmjs.org/emailjs-com/-/emailjs-com-2.6.3.tgz",
      "integrity": "sha512-hucvmelA6wUN1W7Lnw3yKXTWq3lNyVOBN306WcODPcfazuGWTot9/7aaiHQESBo9VrG1JgSk7La6fckq3eLvUg=="
    }
  }
}
